
Microsoft Visual Studio Solution File, Format Version 12.00
# Visual Studio Version 17
VisualStudioVersion = 17.1.32228.430
MinimumVisualStudioVersion = 10.0.40219.1
Project("{9A19103F-16F7-4668-BE54-9A1E7A4F7556}") = "AiUo", "src\AiUo\AiUo.csproj", "{95D1641E-BBA4-4E48-9C9C-6FFF12F1D169}"
EndProject
Project("{2150E333-8FDC-42A3-9474-1A3956D46DE8}") = "0-Doc", "0-Doc", "{0AAD5D89-D5C7-4A0A-8CD1-6C510C71EEBD}"
	ProjectSection(SolutionItems) = preProject
		.gitignore = .gitignore
		aiuo.json = aiuo.json
		src\Directory.Build.props = src\Directory.Build.props
		Directory.Build.targets = Directory.Build.targets
	EndProjectSection
EndProject
Project("{2150E333-8FDC-42A3-9474-1A3956D46DE8}") = "1-Core", "1-Core", "{1FF166BB-BDA2-4A20-8EE9-209B210B1185}"
EndProject
Project("{9A19103F-16F7-4668-BE54-9A1E7A4F7556}") = "AiUo.Data.MySql", "src\AiUo.Data.MySql\AiUo.Data.MySql.csproj", "{5CA22DB9-1DB6-453F-BF50-5D93801FC7C2}"
EndProject
Project("{9A19103F-16F7-4668-BE54-9A1E7A4F7556}") = "AiUo.Extensions.AutoMapper", "src\AiUo.Extensions.AutoMapper\AiUo.Extensions.AutoMapper.csproj", "{02682AC5-1057-4767-ABAD-D4434B0DB8E1}"
EndProject
Project("{9A19103F-16F7-4668-BE54-9A1E7A4F7556}") = "AiUo.Extensions.EPPlus", "src\AiUo.Extensions.EPPlus\AiUo.Extensions.EPPlus.csproj", "{42F738D1-469D-4F65-8A10-FF108A1FF260}"
EndProject
Project("{9A19103F-16F7-4668-BE54-9A1E7A4F7556}") = "AiUo.Extensions.Serilog", "src\AiUo.Extensions.Serilog\AiUo.Extensions.Serilog.csproj", "{F100F833-0DE4-4149-A368-070BD3B2ABFE}"
EndProject
Project("{9A19103F-16F7-4668-BE54-9A1E7A4F7556}") = "AiUo.Extensions.RabbitMQ", "src\AiUo.Extensions.RabbitMQ\AiUo.Extensions.RabbitMQ.csproj", "{18755CBA-F0EC-456C-805A-2A4C745BD7FD}"
EndProject
Project("{9A19103F-16F7-4668-BE54-9A1E7A4F7556}") = "AiUo.Extensions.StackExchangeRedis", "src\AiUo.Extensions.StackExchangeRedis\AiUo.Extensions.StackExchangeRedis.csproj", "{7C33EF19-DCCE-499B-80B1-D40D035E4CA6}"
EndProject
Project("{9A19103F-16F7-4668-BE54-9A1E7A4F7556}") = "AiUo.Extensions.SshNet", "src\AiUo.Extensions.SshNet\AiUo.Extensions.SshNet.csproj", "{76DB062F-B06D-45CB-AC1A-070CCE1651F7}"
EndProject
Project("{2150E333-8FDC-42A3-9474-1A3956D46DE8}") = "9-Demo", "9-Demo", "{479C6C03-AE11-4CF0-B338-B6E98FE09C25}"
EndProject
Project("{9A19103F-16F7-4668-BE54-9A1E7A4F7556}") = "AiUo.AspNet", "src\AiUo.AspNet\AiUo.AspNet.csproj", "{E8D21307-3B39-4290-AD18-6A958E806846}"
EndProject
Project("{2150E333-8FDC-42A3-9474-1A3956D46DE8}") = "SessionOrCookie", "SessionOrCookie", "{28922C30-6A44-46B6-8F9E-6DEB05A4F15A}"
EndProject
Project("{9A19103F-16F7-4668-BE54-9A1E7A4F7556}") = "WebApplication1", "demo\SessionOrCookie\WebApplication1\WebApplication1.csproj", "{0AEB47D1-1E8D-455B-9BBE-EDAE59C9FC84}"
EndProject
Project("{9A19103F-16F7-4668-BE54-9A1E7A4F7556}") = "WebApplication2", "demo\SessionOrCookie\WebApplication2\WebApplication2.csproj", "{BD7F696B-F2CB-4A98-BCFC-E293C136ACEB}"
EndProject
Project("{2150E333-8FDC-42A3-9474-1A3956D46DE8}") = "RabbitMQ", "RabbitMQ", "{7947FE6E-0EEF-4EC9-A1F3-41FD0DD2451E}"
EndProject
Project("{2150E333-8FDC-42A3-9474-1A3956D46DE8}") = "Cors", "Cors", "{F954B31A-4909-4B89-AD5B-3BC8E3264820}"
EndProject
Project("{9A19103F-16F7-4668-BE54-9A1E7A4F7556}") = "CorsAPI", "demo\Cors\CorsAPI\CorsAPI.csproj", "{86932F17-DAC2-418D-821B-2DEEAB246956}"
EndProject
Project("{2150E333-8FDC-42A3-9474-1A3956D46DE8}") = "Redis", "Redis", "{05A2C9C3-817B-4BD3-AABF-E4E89E6F5C82}"
EndProject
Project("{9A19103F-16F7-4668-BE54-9A1E7A4F7556}") = "RedisDemoLib", "demo\redis\RedisDemoLib\RedisDemoLib.csproj", "{EDFAA59B-AAD7-4C6A-A64D-FC2321A209D2}"
EndProject
Project("{9A19103F-16F7-4668-BE54-9A1E7A4F7556}") = "RedisDemo1", "demo\redis\RedisDemo1\RedisDemo1.csproj", "{2C968C54-2734-4DC5-AAB7-E20332C482C8}"
EndProject
Project("{9A19103F-16F7-4668-BE54-9A1E7A4F7556}") = "RedisDemo2", "demo\redis\RedisDemo2\RedisDemo2.csproj", "{197B0629-0767-4592-8F4E-3A8A42BA0D26}"
EndProject
Project("{9A19103F-16F7-4668-BE54-9A1E7A4F7556}") = "MQDemoLib", "demo\RabbitMQ\MQDemoLib\MQDemoLib.csproj", "{5F3B7510-BBCF-4062-AB2B-5A0B0EB903E1}"
EndProject
Project("{9A19103F-16F7-4668-BE54-9A1E7A4F7556}") = "MQDemo1", "demo\RabbitMQ\MQDemo1\MQDemo1.csproj", "{3569A219-0A76-40DA-A750-0E3F6AE9C9C7}"
EndProject
Project("{9A19103F-16F7-4668-BE54-9A1E7A4F7556}") = "MQDemo2", "demo\RabbitMQ\MQDemo2\MQDemo2.csproj", "{43852D8D-5BAB-4FAF-B1B8-7C08734B1DC7}"
EndProject
Project("{9A19103F-16F7-4668-BE54-9A1E7A4F7556}") = "MQDemo3", "demo\RabbitMQ\MQDemo3\MQDemo3.csproj", "{C2E1591A-2434-4CAD-9DDD-D3D1A13DC68C}"
EndProject
Project("{9A19103F-16F7-4668-BE54-9A1E7A4F7556}") = "Demo.WebAPI", "demo\Demo.WebAPI\Demo.WebAPI.csproj", "{D9C42F3F-5DA7-49AC-BE5C-F936AC674124}"
EndProject
Project("{9A19103F-16F7-4668-BE54-9A1E7A4F7556}") = "Demo.ConsoleEXE", "demo\Demo.ConsoleEXE\Demo.ConsoleEXE.csproj", "{C0DB0B65-3AE3-4FD8-A7D5-B0725BBDA775}"
EndProject
Project("{9A19103F-16F7-4668-BE54-9A1E7A4F7556}") = "AiUo.AspNet.Hosting", "src\AiUo.AspNet.Hosting\AiUo.AspNet.Hosting.csproj", "{0A6268EC-BF59-4C9E-923C-2C3499327FAA}"
EndProject
Project("{9A19103F-16F7-4668-BE54-9A1E7A4F7556}") = "SqlSugarDemo", "demo\SqlSugarDemo\SqlSugarDemo.csproj", "{459AEDA0-4647-49E8-826B-F284C993C20A}"
EndProject
Project("{9A19103F-16F7-4668-BE54-9A1E7A4F7556}") = "AiUo.DbCaching", "src\AiUo.DbCaching\AiUo.DbCaching.csproj", "{EB08B85E-53D6-4815-8D77-B735156EA168}"
EndProject
Project("{9A19103F-16F7-4668-BE54-9A1E7A4F7556}") = "AiUo.OAuth", "src\AiUo.OAuth\AiUo.OAuth.csproj", "{6CBA104D-57C5-4783-A95D-0DE97E646DD3}"
EndProject
Project("{9A19103F-16F7-4668-BE54-9A1E7A4F7556}") = "AiUo.Data.SqlSugar", "src\AiUo.Data.SqlSugar\AiUo.Data.SqlSugar.csproj", "{2CA1F88E-708A-4B03-A0F4-21DD2D7B678F}"
EndProject
Project("{9A19103F-16F7-4668-BE54-9A1E7A4F7556}") = "StartupLibraryDemo", "demo\Cors\StartupLibraryDemo\StartupLibraryDemo.csproj", "{AFCE62D0-1EA6-48CC-953E-C85B5B83EF69}"
EndProject
Project("{9A19103F-16F7-4668-BE54-9A1E7A4F7556}") = "AiUo.Hosting", "src\AiUo.Hosting\AiUo.Hosting.csproj", "{276A3FEE-A0BD-437B-A8D4-5F9FF140B49C}"
EndProject
Project("{2150E333-8FDC-42A3-9474-1A3956D46DE8}") = "2-Hosting", "2-Hosting", "{3B596D6A-84E8-49B8-82CA-D90508B3CD45}"
EndProject
Project("{9A19103F-16F7-4668-BE54-9A1E7A4F7556}") = "AiUo.Extensions.Nacos", "src\AiUo.Extensions.Nacos\AiUo.Extensions.Nacos.csproj", "{B9298A64-9A06-4716-A677-5C96A7976FBF}"
EndProject
Project("{9A19103F-16F7-4668-BE54-9A1E7A4F7556}") = "AiUo.IP2Country", "src\AiUo.IP2Country\AiUo.IP2Country.csproj", "{7C0AF1D2-E5B9-4041-A3FA-903BEE56A675}"
EndProject
Project("{9A19103F-16F7-4668-BE54-9A1E7A4F7556}") = "AiUo.HCaptcha", "src\AiUo.HCaptcha\AiUo.HCaptcha.csproj", "{2573CCCB-7476-4D20-A335-FCD25DCE62AC}"
EndProject
Project("{9A19103F-16F7-4668-BE54-9A1E7A4F7556}") = "AiUo.SnowflakeId", "src\AiUo.SnowflakeId\AiUo.SnowflakeId.csproj", "{763C60C9-9DB4-495B-A9DF-CA06D1A73DE3}"
EndProject
Project("{9A19103F-16F7-4668-BE54-9A1E7A4F7556}") = "Demo.Shared", "demo\Demo.Shared\Demo.Shared.csproj", "{EAE3E61E-7217-4525-895A-8115D4161668}"
EndProject
Project("{9A19103F-16F7-4668-BE54-9A1E7A4F7556}") = "AiUo.Extensions.AWS", "src\AiUo.Extensions.AWS\AiUo.Extensions.AWS.csproj", "{28874137-6689-46EA-BAE8-CB42CBE5B18B}"
EndProject
Project("{9A19103F-16F7-4668-BE54-9A1E7A4F7556}") = "Demo.AWSConsole", "demo\Demo.AWSConsole\Demo.AWSConsole.csproj", "{495ECB31-EBA9-4B42-9168-BB60D6C5868B}"
EndProject
Project("{2150E333-8FDC-42A3-9474-1A3956D46DE8}") = "Grpc", "Grpc", "{5535DC82-1592-4C2D-9478-08D5C0194224}"
EndProject
Project("{9A19103F-16F7-4668-BE54-9A1E7A4F7556}") = "GrpcDemo1", "demo\grpc\GrpcDemo1\GrpcDemo1.csproj", "{9CDFA06C-720E-4D01-BA8B-650B4638D802}"
EndProject
Project("{9A19103F-16F7-4668-BE54-9A1E7A4F7556}") = "GrpcLib", "demo\grpc\GrpcLib\GrpcLib.csproj", "{7C70C0DE-CFE8-4A14-9AA9-C20A4C410E4F}"
EndProject
Project("{9A19103F-16F7-4668-BE54-9A1E7A4F7556}") = "GrpcDemo2", "demo\grpc\GrpcDemo2\GrpcDemo2.csproj", "{1B9803CD-B801-4FD9-9584-202DD51DEA47}"
EndProject
Project("{9A19103F-16F7-4668-BE54-9A1E7A4F7556}") = "GrpcClient", "demo\grpc\GrpcClient\GrpcClient.csproj", "{6F06FF3B-DC7E-4773-A015-565B8D7D9CBA}"
EndProject
Project("{FAE04EC0-301F-11D3-BF4B-00C04F79EFBC}") = "AiUo.Extensions.AppMetric", "src\AiUo.Extensions.AppMetric\AiUo.Extensions.AppMetric.csproj", "{67AC97D7-AB15-463F-A48F-C3C8D65632E8}"
EndProject
Project("{FAE04EC0-301F-11D3-BF4B-00C04F79EFBC}") = "AiUo.Extensions.CommandLineParser", "src\AiUo.Extensions.CommandLineParser\AiUo.Extensions.CommandLineParser.csproj", "{CDF0AEE6-9104-4CA3-875F-0A2A897F73F1}"
EndProject
Project("{2150E333-8FDC-42A3-9474-1A3956D46DE8}") = "3.Biz", "3.Biz", "{7AD8A2F7-4377-483C-9BC1-F3A168A4BC31}"
EndProject
Project("{FAE04EC0-301F-11D3-BF4B-00C04F79EFBC}") = "AiUo.BIZ.DataSplit", "src\AiUo.BIZ.DataSplit\AiUo.BIZ.DataSplit.csproj", "{4D6796AD-68F4-4C7F-A4CC-2D50350D96DA}"
EndProject
Project("{FAE04EC0-301F-11D3-BF4B-00C04F79EFBC}") = "AiUo.BIZ.RabbitMQ", "src\AiUo.BIZ.RabbitMQ\AiUo.BIZ.RabbitMQ.csproj", "{D563FECB-BECE-48F8-A5A9-2EF38BFD65D9}"
EndProject
Project("{FAE04EC0-301F-11D3-BF4B-00C04F79EFBC}") = "AiUo.BIZ.DataSplit.JOB", "src\AiUo.BIZ.DataSplit.JOB\AiUo.BIZ.DataSplit.JOB.csproj", "{285C0958-DFAB-4432-BBA8-89FB2453D6D4}"
EndProject
Global
	GlobalSection(SolutionConfigurationPlatforms) = preSolution
		Debug|Any CPU = Debug|Any CPU
		Release|Any CPU = Release|Any CPU
	EndGlobalSection
	GlobalSection(ProjectConfigurationPlatforms) = postSolution
		{95D1641E-BBA4-4E48-9C9C-6FFF12F1D169}.Debug|Any CPU.ActiveCfg = Debug|Any CPU
		{95D1641E-BBA4-4E48-9C9C-6FFF12F1D169}.Debug|Any CPU.Build.0 = Debug|Any CPU
		{95D1641E-BBA4-4E48-9C9C-6FFF12F1D169}.Release|Any CPU.ActiveCfg = Release|Any CPU
		{95D1641E-BBA4-4E48-9C9C-6FFF12F1D169}.Release|Any CPU.Build.0 = Release|Any CPU
		{5CA22DB9-1DB6-453F-BF50-5D93801FC7C2}.Debug|Any CPU.ActiveCfg = Debug|Any CPU
		{5CA22DB9-1DB6-453F-BF50-5D93801FC7C2}.Debug|Any CPU.Build.0 = Debug|Any CPU
		{5CA22DB9-1DB6-453F-BF50-5D93801FC7C2}.Release|Any CPU.ActiveCfg = Release|Any CPU
		{5CA22DB9-1DB6-453F-BF50-5D93801FC7C2}.Release|Any CPU.Build.0 = Release|Any CPU
		{02682AC5-1057-4767-ABAD-D4434B0DB8E1}.Debug|Any CPU.ActiveCfg = Debug|Any CPU
		{02682AC5-1057-4767-ABAD-D4434B0DB8E1}.Debug|Any CPU.Build.0 = Debug|Any CPU
		{02682AC5-1057-4767-ABAD-D4434B0DB8E1}.Release|Any CPU.ActiveCfg = Release|Any CPU
		{02682AC5-1057-4767-ABAD-D4434B0DB8E1}.Release|Any CPU.Build.0 = Release|Any CPU
		{42F738D1-469D-4F65-8A10-FF108A1FF260}.Debug|Any CPU.ActiveCfg = Debug|Any CPU
		{42F738D1-469D-4F65-8A10-FF108A1FF260}.Debug|Any CPU.Build.0 = Debug|Any CPU
		{42F738D1-469D-4F65-8A10-FF108A1FF260}.Release|Any CPU.ActiveCfg = Release|Any CPU
		{42F738D1-469D-4F65-8A10-FF108A1FF260}.Release|Any CPU.Build.0 = Release|Any CPU
		{F100F833-0DE4-4149-A368-070BD3B2ABFE}.Debug|Any CPU.ActiveCfg = Debug|Any CPU
		{F100F833-0DE4-4149-A368-070BD3B2ABFE}.Debug|Any CPU.Build.0 = Debug|Any CPU
		{F100F833-0DE4-4149-A368-070BD3B2ABFE}.Release|Any CPU.ActiveCfg = Release|Any CPU
		{F100F833-0DE4-4149-A368-070BD3B2ABFE}.Release|Any CPU.Build.0 = Release|Any CPU
		{18755CBA-F0EC-456C-805A-2A4C745BD7FD}.Debug|Any CPU.ActiveCfg = Debug|Any CPU
		{18755CBA-F0EC-456C-805A-2A4C745BD7FD}.Debug|Any CPU.Build.0 = Debug|Any CPU
		{18755CBA-F0EC-456C-805A-2A4C745BD7FD}.Release|Any CPU.ActiveCfg = Release|Any CPU
		{18755CBA-F0EC-456C-805A-2A4C745BD7FD}.Release|Any CPU.Build.0 = Release|Any CPU
		{7C33EF19-DCCE-499B-80B1-D40D035E4CA6}.Debug|Any CPU.ActiveCfg = Debug|Any CPU
		{7C33EF19-DCCE-499B-80B1-D40D035E4CA6}.Debug|Any CPU.Build.0 = Debug|Any CPU
		{7C33EF19-DCCE-499B-80B1-D40D035E4CA6}.Release|Any CPU.ActiveCfg = Release|Any CPU
		{7C33EF19-DCCE-499B-80B1-D40D035E4CA6}.Release|Any CPU.Build.0 = Release|Any CPU
		{76DB062F-B06D-45CB-AC1A-070CCE1651F7}.Debug|Any CPU.ActiveCfg = Debug|Any CPU
		{76DB062F-B06D-45CB-AC1A-070CCE1651F7}.Debug|Any CPU.Build.0 = Debug|Any CPU
		{76DB062F-B06D-45CB-AC1A-070CCE1651F7}.Release|Any CPU.ActiveCfg = Release|Any CPU
		{76DB062F-B06D-45CB-AC1A-070CCE1651F7}.Release|Any CPU.Build.0 = Release|Any CPU
		{E8D21307-3B39-4290-AD18-6A958E806846}.Debug|Any CPU.ActiveCfg = Debug|Any CPU
		{E8D21307-3B39-4290-AD18-6A958E806846}.Debug|Any CPU.Build.0 = Debug|Any CPU
		{E8D21307-3B39-4290-AD18-6A958E806846}.Release|Any CPU.ActiveCfg = Release|Any CPU
		{E8D21307-3B39-4290-AD18-6A958E806846}.Release|Any CPU.Build.0 = Release|Any CPU
		{0AEB47D1-1E8D-455B-9BBE-EDAE59C9FC84}.Debug|Any CPU.ActiveCfg = Debug|Any CPU
		{0AEB47D1-1E8D-455B-9BBE-EDAE59C9FC84}.Debug|Any CPU.Build.0 = Debug|Any CPU
		{0AEB47D1-1E8D-455B-9BBE-EDAE59C9FC84}.Release|Any CPU.ActiveCfg = Release|Any CPU
		{0AEB47D1-1E8D-455B-9BBE-EDAE59C9FC84}.Release|Any CPU.Build.0 = Release|Any CPU
		{BD7F696B-F2CB-4A98-BCFC-E293C136ACEB}.Debug|Any CPU.ActiveCfg = Debug|Any CPU
		{BD7F696B-F2CB-4A98-BCFC-E293C136ACEB}.Debug|Any CPU.Build.0 = Debug|Any CPU
		{BD7F696B-F2CB-4A98-BCFC-E293C136ACEB}.Release|Any CPU.ActiveCfg = Release|Any CPU
		{BD7F696B-F2CB-4A98-BCFC-E293C136ACEB}.Release|Any CPU.Build.0 = Release|Any CPU
		{86932F17-DAC2-418D-821B-2DEEAB246956}.Debug|Any CPU.ActiveCfg = Debug|Any CPU
		{86932F17-DAC2-418D-821B-2DEEAB246956}.Debug|Any CPU.Build.0 = Debug|Any CPU
		{86932F17-DAC2-418D-821B-2DEEAB246956}.Release|Any CPU.ActiveCfg = Release|Any CPU
		{86932F17-DAC2-418D-821B-2DEEAB246956}.Release|Any CPU.Build.0 = Release|Any CPU
		{EDFAA59B-AAD7-4C6A-A64D-FC2321A209D2}.Debug|Any CPU.ActiveCfg = Debug|Any CPU
		{EDFAA59B-AAD7-4C6A-A64D-FC2321A209D2}.Debug|Any CPU.Build.0 = Debug|Any CPU
		{EDFAA59B-AAD7-4C6A-A64D-FC2321A209D2}.Release|Any CPU.ActiveCfg = Release|Any CPU
		{EDFAA59B-AAD7-4C6A-A64D-FC2321A209D2}.Release|Any CPU.Build.0 = Release|Any CPU
		{2C968C54-2734-4DC5-AAB7-E20332C482C8}.Debug|Any CPU.ActiveCfg = Debug|Any CPU
		{2C968C54-2734-4DC5-AAB7-E20332C482C8}.Debug|Any CPU.Build.0 = Debug|Any CPU
		{2C968C54-2734-4DC5-AAB7-E20332C482C8}.Release|Any CPU.ActiveCfg = Release|Any CPU
		{2C968C54-2734-4DC5-AAB7-E20332C482C8}.Release|Any CPU.Build.0 = Release|Any CPU
		{197B0629-0767-4592-8F4E-3A8A42BA0D26}.Debug|Any CPU.ActiveCfg = Debug|Any CPU
		{197B0629-0767-4592-8F4E-3A8A42BA0D26}.Debug|Any CPU.Build.0 = Debug|Any CPU
		{197B0629-0767-4592-8F4E-3A8A42BA0D26}.Release|Any CPU.ActiveCfg = Release|Any CPU
		{197B0629-0767-4592-8F4E-3A8A42BA0D26}.Release|Any CPU.Build.0 = Release|Any CPU
		{5F3B7510-BBCF-4062-AB2B-5A0B0EB903E1}.Debug|Any CPU.ActiveCfg = Debug|Any CPU
		{5F3B7510-BBCF-4062-AB2B-5A0B0EB903E1}.Debug|Any CPU.Build.0 = Debug|Any CPU
		{5F3B7510-BBCF-4062-AB2B-5A0B0EB903E1}.Release|Any CPU.ActiveCfg = Release|Any CPU
		{5F3B7510-BBCF-4062-AB2B-5A0B0EB903E1}.Release|Any CPU.Build.0 = Release|Any CPU
		{3569A219-0A76-40DA-A750-0E3F6AE9C9C7}.Debug|Any CPU.ActiveCfg = Debug|Any CPU
		{3569A219-0A76-40DA-A750-0E3F6AE9C9C7}.Debug|Any CPU.Build.0 = Debug|Any CPU
		{3569A219-0A76-40DA-A750-0E3F6AE9C9C7}.Release|Any CPU.ActiveCfg = Release|Any CPU
		{3569A219-0A76-40DA-A750-0E3F6AE9C9C7}.Release|Any CPU.Build.0 = Release|Any CPU
		{43852D8D-5BAB-4FAF-B1B8-7C08734B1DC7}.Debug|Any CPU.ActiveCfg = Debug|Any CPU
		{43852D8D-5BAB-4FAF-B1B8-7C08734B1DC7}.Debug|Any CPU.Build.0 = Debug|Any CPU
		{43852D8D-5BAB-4FAF-B1B8-7C08734B1DC7}.Release|Any CPU.ActiveCfg = Release|Any CPU
		{43852D8D-5BAB-4FAF-B1B8-7C08734B1DC7}.Release|Any CPU.Build.0 = Release|Any CPU
		{C2E1591A-2434-4CAD-9DDD-D3D1A13DC68C}.Debug|Any CPU.ActiveCfg = Debug|Any CPU
		{C2E1591A-2434-4CAD-9DDD-D3D1A13DC68C}.Debug|Any CPU.Build.0 = Debug|Any CPU
		{C2E1591A-2434-4CAD-9DDD-D3D1A13DC68C}.Release|Any CPU.ActiveCfg = Release|Any CPU
		{C2E1591A-2434-4CAD-9DDD-D3D1A13DC68C}.Release|Any CPU.Build.0 = Release|Any CPU
		{D9C42F3F-5DA7-49AC-BE5C-F936AC674124}.Debug|Any CPU.ActiveCfg = Debug|Any CPU
		{D9C42F3F-5DA7-49AC-BE5C-F936AC674124}.Debug|Any CPU.Build.0 = Debug|Any CPU
		{D9C42F3F-5DA7-49AC-BE5C-F936AC674124}.Release|Any CPU.ActiveCfg = Release|Any CPU
		{D9C42F3F-5DA7-49AC-BE5C-F936AC674124}.Release|Any CPU.Build.0 = Release|Any CPU
		{C0DB0B65-3AE3-4FD8-A7D5-B0725BBDA775}.Debug|Any CPU.ActiveCfg = Debug|Any CPU
		{C0DB0B65-3AE3-4FD8-A7D5-B0725BBDA775}.Debug|Any CPU.Build.0 = Debug|Any CPU
		{C0DB0B65-3AE3-4FD8-A7D5-B0725BBDA775}.Release|Any CPU.ActiveCfg = Release|Any CPU
		{C0DB0B65-3AE3-4FD8-A7D5-B0725BBDA775}.Release|Any CPU.Build.0 = Release|Any CPU
		{0A6268EC-BF59-4C9E-923C-2C3499327FAA}.Debug|Any CPU.ActiveCfg = Debug|Any CPU
		{0A6268EC-BF59-4C9E-923C-2C3499327FAA}.Debug|Any CPU.Build.0 = Debug|Any CPU
		{0A6268EC-BF59-4C9E-923C-2C3499327FAA}.Release|Any CPU.ActiveCfg = Release|Any CPU
		{0A6268EC-BF59-4C9E-923C-2C3499327FAA}.Release|Any CPU.Build.0 = Release|Any CPU
		{459AEDA0-4647-49E8-826B-F284C993C20A}.Debug|Any CPU.ActiveCfg = Debug|Any CPU
		{459AEDA0-4647-49E8-826B-F284C993C20A}.Debug|Any CPU.Build.0 = Debug|Any CPU
		{459AEDA0-4647-49E8-826B-F284C993C20A}.Release|Any CPU.ActiveCfg = Release|Any CPU
		{459AEDA0-4647-49E8-826B-F284C993C20A}.Release|Any CPU.Build.0 = Release|Any CPU
		{EB08B85E-53D6-4815-8D77-B735156EA168}.Debug|Any CPU.ActiveCfg = Debug|Any CPU
		{EB08B85E-53D6-4815-8D77-B735156EA168}.Debug|Any CPU.Build.0 = Debug|Any CPU
		{EB08B85E-53D6-4815-8D77-B735156EA168}.Release|Any CPU.ActiveCfg = Release|Any CPU
		{EB08B85E-53D6-4815-8D77-B735156EA168}.Release|Any CPU.Build.0 = Release|Any CPU
		{6CBA104D-57C5-4783-A95D-0DE97E646DD3}.Debug|Any CPU.ActiveCfg = Debug|Any CPU
		{6CBA104D-57C5-4783-A95D-0DE97E646DD3}.Debug|Any CPU.Build.0 = Debug|Any CPU
		{6CBA104D-57C5-4783-A95D-0DE97E646DD3}.Release|Any CPU.ActiveCfg = Release|Any CPU
		{6CBA104D-57C5-4783-A95D-0DE97E646DD3}.Release|Any CPU.Build.0 = Release|Any CPU
		{2CA1F88E-708A-4B03-A0F4-21DD2D7B678F}.Debug|Any CPU.ActiveCfg = Debug|Any CPU
		{2CA1F88E-708A-4B03-A0F4-21DD2D7B678F}.Debug|Any CPU.Build.0 = Debug|Any CPU
		{2CA1F88E-708A-4B03-A0F4-21DD2D7B678F}.Release|Any CPU.ActiveCfg = Release|Any CPU
		{2CA1F88E-708A-4B03-A0F4-21DD2D7B678F}.Release|Any CPU.Build.0 = Release|Any CPU
		{AFCE62D0-1EA6-48CC-953E-C85B5B83EF69}.Debug|Any CPU.ActiveCfg = Debug|Any CPU
		{AFCE62D0-1EA6-48CC-953E-C85B5B83EF69}.Debug|Any CPU.Build.0 = Debug|Any CPU
		{AFCE62D0-1EA6-48CC-953E-C85B5B83EF69}.Release|Any CPU.ActiveCfg = Release|Any CPU
		{AFCE62D0-1EA6-48CC-953E-C85B5B83EF69}.Release|Any CPU.Build.0 = Release|Any CPU
		{276A3FEE-A0BD-437B-A8D4-5F9FF140B49C}.Debug|Any CPU.ActiveCfg = Debug|Any CPU
		{276A3FEE-A0BD-437B-A8D4-5F9FF140B49C}.Debug|Any CPU.Build.0 = Debug|Any CPU
		{276A3FEE-A0BD-437B-A8D4-5F9FF140B49C}.Release|Any CPU.ActiveCfg = Release|Any CPU
		{276A3FEE-A0BD-437B-A8D4-5F9FF140B49C}.Release|Any CPU.Build.0 = Release|Any CPU
		{B9298A64-9A06-4716-A677-5C96A7976FBF}.Debug|Any CPU.ActiveCfg = Debug|Any CPU
		{B9298A64-9A06-4716-A677-5C96A7976FBF}.Debug|Any CPU.Build.0 = Debug|Any CPU
		{B9298A64-9A06-4716-A677-5C96A7976FBF}.Release|Any CPU.ActiveCfg = Release|Any CPU
		{B9298A64-9A06-4716-A677-5C96A7976FBF}.Release|Any CPU.Build.0 = Release|Any CPU
		{7C0AF1D2-E5B9-4041-A3FA-903BEE56A675}.Debug|Any CPU.ActiveCfg = Debug|Any CPU
		{7C0AF1D2-E5B9-4041-A3FA-903BEE56A675}.Debug|Any CPU.Build.0 = Debug|Any CPU
		{7C0AF1D2-E5B9-4041-A3FA-903BEE56A675}.Release|Any CPU.ActiveCfg = Release|Any CPU
		{7C0AF1D2-E5B9-4041-A3FA-903BEE56A675}.Release|Any CPU.Build.0 = Release|Any CPU
		{2573CCCB-7476-4D20-A335-FCD25DCE62AC}.Debug|Any CPU.ActiveCfg = Debug|Any CPU
		{2573CCCB-7476-4D20-A335-FCD25DCE62AC}.Debug|Any CPU.Build.0 = Debug|Any CPU
		{2573CCCB-7476-4D20-A335-FCD25DCE62AC}.Release|Any CPU.ActiveCfg = Release|Any CPU
		{2573CCCB-7476-4D20-A335-FCD25DCE62AC}.Release|Any CPU.Build.0 = Release|Any CPU
		{763C60C9-9DB4-495B-A9DF-CA06D1A73DE3}.Debug|Any CPU.ActiveCfg = Debug|Any CPU
		{763C60C9-9DB4-495B-A9DF-CA06D1A73DE3}.Debug|Any CPU.Build.0 = Debug|Any CPU
		{763C60C9-9DB4-495B-A9DF-CA06D1A73DE3}.Release|Any CPU.ActiveCfg = Release|Any CPU
		{763C60C9-9DB4-495B-A9DF-CA06D1A73DE3}.Release|Any CPU.Build.0 = Release|Any CPU
		{EAE3E61E-7217-4525-895A-8115D4161668}.Debug|Any CPU.ActiveCfg = Debug|Any CPU
		{EAE3E61E-7217-4525-895A-8115D4161668}.Debug|Any CPU.Build.0 = Debug|Any CPU
		{EAE3E61E-7217-4525-895A-8115D4161668}.Release|Any CPU.ActiveCfg = Release|Any CPU
		{EAE3E61E-7217-4525-895A-8115D4161668}.Release|Any CPU.Build.0 = Release|Any CPU
		{28874137-6689-46EA-BAE8-CB42CBE5B18B}.Debug|Any CPU.ActiveCfg = Debug|Any CPU
		{28874137-6689-46EA-BAE8-CB42CBE5B18B}.Debug|Any CPU.Build.0 = Debug|Any CPU
		{28874137-6689-46EA-BAE8-CB42CBE5B18B}.Release|Any CPU.ActiveCfg = Release|Any CPU
		{28874137-6689-46EA-BAE8-CB42CBE5B18B}.Release|Any CPU.Build.0 = Release|Any CPU
		{495ECB31-EBA9-4B42-9168-BB60D6C5868B}.Debug|Any CPU.ActiveCfg = Debug|Any CPU
		{495ECB31-EBA9-4B42-9168-BB60D6C5868B}.Debug|Any CPU.Build.0 = Debug|Any CPU
		{495ECB31-EBA9-4B42-9168-BB60D6C5868B}.Release|Any CPU.ActiveCfg = Release|Any CPU
		{495ECB31-EBA9-4B42-9168-BB60D6C5868B}.Release|Any CPU.Build.0 = Release|Any CPU
		{9CDFA06C-720E-4D01-BA8B-650B4638D802}.Debug|Any CPU.ActiveCfg = Debug|Any CPU
		{9CDFA06C-720E-4D01-BA8B-650B4638D802}.Debug|Any CPU.Build.0 = Debug|Any CPU
		{9CDFA06C-720E-4D01-BA8B-650B4638D802}.Release|Any CPU.ActiveCfg = Release|Any CPU
		{9CDFA06C-720E-4D01-BA8B-650B4638D802}.Release|Any CPU.Build.0 = Release|Any CPU
		{7C70C0DE-CFE8-4A14-9AA9-C20A4C410E4F}.Debug|Any CPU.ActiveCfg = Debug|Any CPU
		{7C70C0DE-CFE8-4A14-9AA9-C20A4C410E4F}.Debug|Any CPU.Build.0 = Debug|Any CPU
		{7C70C0DE-CFE8-4A14-9AA9-C20A4C410E4F}.Release|Any CPU.ActiveCfg = Release|Any CPU
		{7C70C0DE-CFE8-4A14-9AA9-C20A4C410E4F}.Release|Any CPU.Build.0 = Release|Any CPU
		{1B9803CD-B801-4FD9-9584-202DD51DEA47}.Debug|Any CPU.ActiveCfg = Debug|Any CPU
		{1B9803CD-B801-4FD9-9584-202DD51DEA47}.Debug|Any CPU.Build.0 = Debug|Any CPU
		{1B9803CD-B801-4FD9-9584-202DD51DEA47}.Release|Any CPU.ActiveCfg = Release|Any CPU
		{1B9803CD-B801-4FD9-9584-202DD51DEA47}.Release|Any CPU.Build.0 = Release|Any CPU
		{6F06FF3B-DC7E-4773-A015-565B8D7D9CBA}.Debug|Any CPU.ActiveCfg = Debug|Any CPU
		{6F06FF3B-DC7E-4773-A015-565B8D7D9CBA}.Debug|Any CPU.Build.0 = Debug|Any CPU
		{6F06FF3B-DC7E-4773-A015-565B8D7D9CBA}.Release|Any CPU.ActiveCfg = Release|Any CPU
		{6F06FF3B-DC7E-4773-A015-565B8D7D9CBA}.Release|Any CPU.Build.0 = Release|Any CPU
		{67AC97D7-AB15-463F-A48F-C3C8D65632E8}.Debug|Any CPU.ActiveCfg = Debug|Any CPU
		{67AC97D7-AB15-463F-A48F-C3C8D65632E8}.Debug|Any CPU.Build.0 = Debug|Any CPU
		{67AC97D7-AB15-463F-A48F-C3C8D65632E8}.Release|Any CPU.ActiveCfg = Release|Any CPU
		{67AC97D7-AB15-463F-A48F-C3C8D65632E8}.Release|Any CPU.Build.0 = Release|Any CPU
		{CDF0AEE6-9104-4CA3-875F-0A2A897F73F1}.Debug|Any CPU.ActiveCfg = Debug|Any CPU
		{CDF0AEE6-9104-4CA3-875F-0A2A897F73F1}.Debug|Any CPU.Build.0 = Debug|Any CPU
		{CDF0AEE6-9104-4CA3-875F-0A2A897F73F1}.Release|Any CPU.ActiveCfg = Release|Any CPU
		{CDF0AEE6-9104-4CA3-875F-0A2A897F73F1}.Release|Any CPU.Build.0 = Release|Any CPU
		{4D6796AD-68F4-4C7F-A4CC-2D50350D96DA}.Debug|Any CPU.ActiveCfg = Debug|Any CPU
		{4D6796AD-68F4-4C7F-A4CC-2D50350D96DA}.Debug|Any CPU.Build.0 = Debug|Any CPU
		{4D6796AD-68F4-4C7F-A4CC-2D50350D96DA}.Release|Any CPU.ActiveCfg = Release|Any CPU
		{4D6796AD-68F4-4C7F-A4CC-2D50350D96DA}.Release|Any CPU.Build.0 = Release|Any CPU
		{D563FECB-BECE-48F8-A5A9-2EF38BFD65D9}.Debug|Any CPU.ActiveCfg = Debug|Any CPU
		{D563FECB-BECE-48F8-A5A9-2EF38BFD65D9}.Debug|Any CPU.Build.0 = Debug|Any CPU
		{D563FECB-BECE-48F8-A5A9-2EF38BFD65D9}.Release|Any CPU.ActiveCfg = Release|Any CPU
		{D563FECB-BECE-48F8-A5A9-2EF38BFD65D9}.Release|Any CPU.Build.0 = Release|Any CPU
		{285C0958-DFAB-4432-BBA8-89FB2453D6D4}.Debug|Any CPU.ActiveCfg = Debug|Any CPU
		{285C0958-DFAB-4432-BBA8-89FB2453D6D4}.Debug|Any CPU.Build.0 = Debug|Any CPU
		{285C0958-DFAB-4432-BBA8-89FB2453D6D4}.Release|Any CPU.ActiveCfg = Release|Any CPU
		{285C0958-DFAB-4432-BBA8-89FB2453D6D4}.Release|Any CPU.Build.0 = Release|Any CPU
	EndGlobalSection
	GlobalSection(SolutionProperties) = preSolution
		HideSolutionNode = FALSE
	EndGlobalSection
	GlobalSection(NestedProjects) = preSolution
		{95D1641E-BBA4-4E48-9C9C-6FFF12F1D169} = {1FF166BB-BDA2-4A20-8EE9-209B210B1185}
		{5CA22DB9-1DB6-453F-BF50-5D93801FC7C2} = {1FF166BB-BDA2-4A20-8EE9-209B210B1185}
		{02682AC5-1057-4767-ABAD-D4434B0DB8E1} = {1FF166BB-BDA2-4A20-8EE9-209B210B1185}
		{42F738D1-469D-4F65-8A10-FF108A1FF260} = {1FF166BB-BDA2-4A20-8EE9-209B210B1185}
		{F100F833-0DE4-4149-A368-070BD3B2ABFE} = {1FF166BB-BDA2-4A20-8EE9-209B210B1185}
		{18755CBA-F0EC-456C-805A-2A4C745BD7FD} = {1FF166BB-BDA2-4A20-8EE9-209B210B1185}
		{7C33EF19-DCCE-499B-80B1-D40D035E4CA6} = {1FF166BB-BDA2-4A20-8EE9-209B210B1185}
		{76DB062F-B06D-45CB-AC1A-070CCE1651F7} = {1FF166BB-BDA2-4A20-8EE9-209B210B1185}
		{E8D21307-3B39-4290-AD18-6A958E806846} = {1FF166BB-BDA2-4A20-8EE9-209B210B1185}
		{28922C30-6A44-46B6-8F9E-6DEB05A4F15A} = {479C6C03-AE11-4CF0-B338-B6E98FE09C25}
		{0AEB47D1-1E8D-455B-9BBE-EDAE59C9FC84} = {28922C30-6A44-46B6-8F9E-6DEB05A4F15A}
		{BD7F696B-F2CB-4A98-BCFC-E293C136ACEB} = {28922C30-6A44-46B6-8F9E-6DEB05A4F15A}
		{7947FE6E-0EEF-4EC9-A1F3-41FD0DD2451E} = {479C6C03-AE11-4CF0-B338-B6E98FE09C25}
		{F954B31A-4909-4B89-AD5B-3BC8E3264820} = {479C6C03-AE11-4CF0-B338-B6E98FE09C25}
		{86932F17-DAC2-418D-821B-2DEEAB246956} = {F954B31A-4909-4B89-AD5B-3BC8E3264820}
		{05A2C9C3-817B-4BD3-AABF-E4E89E6F5C82} = {479C6C03-AE11-4CF0-B338-B6E98FE09C25}
		{EDFAA59B-AAD7-4C6A-A64D-FC2321A209D2} = {05A2C9C3-817B-4BD3-AABF-E4E89E6F5C82}
		{2C968C54-2734-4DC5-AAB7-E20332C482C8} = {05A2C9C3-817B-4BD3-AABF-E4E89E6F5C82}
		{197B0629-0767-4592-8F4E-3A8A42BA0D26} = {05A2C9C3-817B-4BD3-AABF-E4E89E6F5C82}
		{5F3B7510-BBCF-4062-AB2B-5A0B0EB903E1} = {7947FE6E-0EEF-4EC9-A1F3-41FD0DD2451E}
		{3569A219-0A76-40DA-A750-0E3F6AE9C9C7} = {7947FE6E-0EEF-4EC9-A1F3-41FD0DD2451E}
		{43852D8D-5BAB-4FAF-B1B8-7C08734B1DC7} = {7947FE6E-0EEF-4EC9-A1F3-41FD0DD2451E}
		{C2E1591A-2434-4CAD-9DDD-D3D1A13DC68C} = {7947FE6E-0EEF-4EC9-A1F3-41FD0DD2451E}
		{D9C42F3F-5DA7-49AC-BE5C-F936AC674124} = {479C6C03-AE11-4CF0-B338-B6E98FE09C25}
		{C0DB0B65-3AE3-4FD8-A7D5-B0725BBDA775} = {479C6C03-AE11-4CF0-B338-B6E98FE09C25}
		{0A6268EC-BF59-4C9E-923C-2C3499327FAA} = {3B596D6A-84E8-49B8-82CA-D90508B3CD45}
		{459AEDA0-4647-49E8-826B-F284C993C20A} = {479C6C03-AE11-4CF0-B338-B6E98FE09C25}
		{EB08B85E-53D6-4815-8D77-B735156EA168} = {1FF166BB-BDA2-4A20-8EE9-209B210B1185}
		{6CBA104D-57C5-4783-A95D-0DE97E646DD3} = {1FF166BB-BDA2-4A20-8EE9-209B210B1185}
		{2CA1F88E-708A-4B03-A0F4-21DD2D7B678F} = {1FF166BB-BDA2-4A20-8EE9-209B210B1185}
		{AFCE62D0-1EA6-48CC-953E-C85B5B83EF69} = {F954B31A-4909-4B89-AD5B-3BC8E3264820}
		{276A3FEE-A0BD-437B-A8D4-5F9FF140B49C} = {3B596D6A-84E8-49B8-82CA-D90508B3CD45}
		{B9298A64-9A06-4716-A677-5C96A7976FBF} = {1FF166BB-BDA2-4A20-8EE9-209B210B1185}
		{7C0AF1D2-E5B9-4041-A3FA-903BEE56A675} = {1FF166BB-BDA2-4A20-8EE9-209B210B1185}
		{2573CCCB-7476-4D20-A335-FCD25DCE62AC} = {1FF166BB-BDA2-4A20-8EE9-209B210B1185}
		{763C60C9-9DB4-495B-A9DF-CA06D1A73DE3} = {1FF166BB-BDA2-4A20-8EE9-209B210B1185}
		{EAE3E61E-7217-4525-895A-8115D4161668} = {479C6C03-AE11-4CF0-B338-B6E98FE09C25}
		{28874137-6689-46EA-BAE8-CB42CBE5B18B} = {1FF166BB-BDA2-4A20-8EE9-209B210B1185}
		{495ECB31-EBA9-4B42-9168-BB60D6C5868B} = {479C6C03-AE11-4CF0-B338-B6E98FE09C25}
		{5535DC82-1592-4C2D-9478-08D5C0194224} = {479C6C03-AE11-4CF0-B338-B6E98FE09C25}
		{9CDFA06C-720E-4D01-BA8B-650B4638D802} = {5535DC82-1592-4C2D-9478-08D5C0194224}
		{7C70C0DE-CFE8-4A14-9AA9-C20A4C410E4F} = {5535DC82-1592-4C2D-9478-08D5C0194224}
		{1B9803CD-B801-4FD9-9584-202DD51DEA47} = {5535DC82-1592-4C2D-9478-08D5C0194224}
		{6F06FF3B-DC7E-4773-A015-565B8D7D9CBA} = {5535DC82-1592-4C2D-9478-08D5C0194224}
		{67AC97D7-AB15-463F-A48F-C3C8D65632E8} = {1FF166BB-BDA2-4A20-8EE9-209B210B1185}
		{CDF0AEE6-9104-4CA3-875F-0A2A897F73F1} = {1FF166BB-BDA2-4A20-8EE9-209B210B1185}
		{4D6796AD-68F4-4C7F-A4CC-2D50350D96DA} = {7AD8A2F7-4377-483C-9BC1-F3A168A4BC31}
		{D563FECB-BECE-48F8-A5A9-2EF38BFD65D9} = {7AD8A2F7-4377-483C-9BC1-F3A168A4BC31}
		{285C0958-DFAB-4432-BBA8-89FB2453D6D4} = {7AD8A2F7-4377-483C-9BC1-F3A168A4BC31}
	EndGlobalSection
	GlobalSection(ExtensibilityGlobals) = postSolution
		SolutionGuid = {A6FDC92E-FBF2-40CE-9A71-2A4B6A4E6F3E}
	EndGlobalSection
EndGlobal
